<?xml version="1.0" encoding="utf-8"?>
<Project ToolsVersion="4.0" xmlns="http://schemas.microsoft.com/developer/msbuild/2003">
  <ItemGroup>
    <Filter Include="源文件">
      <UniqueIdentifier>{4FC737F1-C7A5-4376-A066-2A32D752A2FF}</UniqueIdentifier>
      <Extensions>cpp;c;cc;cxx;def;odl;idl;hpj;bat;asm;asmx</Extensions>
    </Filter>
    <Filter Include="头文件">
      <UniqueIdentifier>{93995380-89BD-4b04-88EB-625FBE52EBFB}</UniqueIdentifier>
      <Extensions>h;hh;hpp;hxx;hm;inl;inc;xsd</Extensions>
    </Filter>
    <Filter Include="资源文件">
      <UniqueIdentifier>{67DA6AB6-F800-4c08-8B7A-83BB121AAD01}</UniqueIdentifier>
      <Extensions>rc;ico;cur;bmp;dlg;rc2;rct;bin;rgs;gif;jpg;jpeg;jpe;resx;tiff;tif;png;wav;mfcribbon-ms</Extensions>
    </Filter>
    <Filter Include="socket">
      <UniqueIdentifier>{cef8740f-8810-41d6-b5ca-974af141ae47}</UniqueIdentifier>
    </Filter>
    <Filter Include="trade">
      <UniqueIdentifier>{4e0af390-ffc7-4840-8014-e8ed402bfe3e}</UniqueIdentifier>
    </Filter>
    <Filter Include="common">
      <UniqueIdentifier>{2bfa4fa9-bf9e-4f10-98fd-3ceafc870048}</UniqueIdentifier>
    </Filter>
    <Filter Include="db">
      <UniqueIdentifier>{d84019cc-da14-4704-b197-bdafab9f2e20}</UniqueIdentifier>
    </Filter>
  </ItemGroup>
  <ItemGroup>
    <Text Include="ReadMe.txt" />
  </ItemGroup>
  <ItemGroup>
    <ClInclude Include="stdafx.h">
      <Filter>头文件</Filter>
    </ClInclude>
    <ClInclude Include="targetver.h">
      <Filter>头文件</Filter>
    </ClInclude>
    <ClInclude Include="ClientList.h">
      <Filter>socket</Filter>
    </ClInclude>
    <ClInclude Include="TcpServer.h">
      <Filter>socket</Filter>
    </ClInclude>
    <ClInclude Include="..\..\..\bns\ToolTest\ToolTest\NonCopyable.h">
      <Filter>common</Filter>
    </ClInclude>
    <ClInclude Include="..\..\..\bns\ToolTest\ToolTest\SystemTool.h">
      <Filter>common</Filter>
    </ClInclude>
    <ClInclude Include="..\..\..\bns\ToolTest\ToolTest\DebugOutput.h">
      <Filter>common</Filter>
    </ClInclude>
    <ClInclude Include="..\..\..\bns\ToolTest\ToolTest\StringTool.h">
      <Filter>common</Filter>
    </ClInclude>
    <ClInclude Include="..\common\MsgpackMap.h">
      <Filter>socket</Filter>
    </ClInclude>
    <ClInclude Include="DbConnctionPool.h">
      <Filter>db</Filter>
    </ClInclude>
    <ClInclude Include="..\..\..\bns\ToolTest\ToolTest\IniFile.h">
      <Filter>common</Filter>
    </ClInclude>
    <ClInclude Include="..\..\..\bns\ToolTest\ToolTest\FileTool.h">
      <Filter>common</Filter>
    </ClInclude>
    <ClInclude Include="SocketSession.h">
      <Filter>socket</Filter>
    </ClInclude>
    <ClInclude Include="ClientSession.h">
      <Filter>trade</Filter>
    </ClInclude>
    <ClInclude Include="..\..\..\bns\ToolTest\ToolTest\BoostLog.h">
      <Filter>common</Filter>
    </ClInclude>
  </ItemGroup>
  <ItemGroup>
    <ClCompile Include="stdafx.cpp">
      <Filter>源文件</Filter>
    </ClCompile>
    <ClCompile Include="TdServer.cpp">
      <Filter>源文件</Filter>
    </ClCompile>
    <ClCompile Include="ClientList.cpp">
      <Filter>socket</Filter>
    </ClCompile>
    <ClCompile Include="TcpServer.cpp">
      <Filter>socket</Filter>
    </ClCompile>
    <ClCompile Include="..\..\..\bns\ToolTest\ToolTest\SystemTool.cpp">
      <Filter>common</Filter>
    </ClCompile>
    <ClCompile Include="..\..\..\bns\ToolTest\ToolTest\DebugOutput.cpp">
      <Filter>common</Filter>
    </ClCompile>
    <ClCompile Include="..\..\..\bns\ToolTest\ToolTest\StringTool.cpp">
      <Filter>common</Filter>
    </ClCompile>
    <ClCompile Include="..\common\MsgpackMap.cpp">
      <Filter>socket</Filter>
    </ClCompile>
    <ClCompile Include="DbConnctionPool.cpp">
      <Filter>db</Filter>
    </ClCompile>
    <ClCompile Include="..\..\..\bns\ToolTest\ToolTest\IniFile.cpp">
      <Filter>common</Filter>
    </ClCompile>
    <ClCompile Include="..\..\..\bns\ToolTest\ToolTest\FileTool.cpp">
      <Filter>common</Filter>
    </ClCompile>
    <ClCompile Include="SocketSession.cpp">
      <Filter>socket</Filter>
    </ClCompile>
    <ClCompile Include="ClientSession.cpp">
      <Filter>trade</Filter>
    </ClCompile>
    <ClCompile Include="..\..\..\bns\ToolTest\ToolTest\BoostLog.cpp">
      <Filter>common</Filter>
    </ClCompile>
  </ItemGroup>
</Project>