<?xml version="1.0" encoding="utf-8"?>
<Project ToolsVersion="4.0" xmlns="http://schemas.microsoft.com/developer/msbuild/2003">
  <ItemGroup>
    <Filter Include="源文件">
      <UniqueIdentifier>{4FC737F1-C7A5-4376-A066-2A32D752A2FF}</UniqueIdentifier>
      <Extensions>cpp;c;cc;cxx;def;odl;idl;hpj;bat;asm;asmx</Extensions>
    </Filter>
    <Filter Include="头文件">
      <UniqueIdentifier>{93995380-89BD-4b04-88EB-625FBE52EBFB}</UniqueIdentifier>
      <Extensions>h;hh;hpp;hxx;hm;inl;inc;xsd</Extensions>
    </Filter>
    <Filter Include="资源文件">
      <UniqueIdentifier>{67DA6AB6-F800-4c08-8B7A-83BB121AAD01}</UniqueIdentifier>
      <Extensions>rc;ico;cur;bmp;dlg;rc2;rct;bin;rgs;gif;jpg;jpeg;jpe;resx;tiff;tif;png;wav;mfcribbon-ms</Extensions>
    </Filter>
    <Filter Include="socket">
      <UniqueIdentifier>{f09be8b2-7b45-4bf9-82af-a0041ab5d2a2}</UniqueIdentifier>
    </Filter>
    <Filter Include="common">
      <UniqueIdentifier>{c70e9388-06be-4f66-8d14-8324ae453824}</UniqueIdentifier>
    </Filter>
    <Filter Include="trade">
      <UniqueIdentifier>{b7640646-744d-4231-90a6-b9fc82e3a3bc}</UniqueIdentifier>
    </Filter>
  </ItemGroup>
  <ItemGroup>
    <Text Include="ReadMe.txt" />
  </ItemGroup>
  <ItemGroup>
    <ClInclude Include="stdafx.h">
      <Filter>头文件</Filter>
    </ClInclude>
    <ClInclude Include="targetver.h">
      <Filter>头文件</Filter>
    </ClInclude>
    <ClInclude Include="TcpClient.h">
      <Filter>socket</Filter>
    </ClInclude>
    <ClInclude Include="..\..\..\bns\ToolTest\ToolTest\DebugOutput.h">
      <Filter>common</Filter>
    </ClInclude>
    <ClInclude Include="..\common\TradeStruct.h">
      <Filter>trade</Filter>
    </ClInclude>
    <ClInclude Include="TdClient.h">
      <Filter>trade</Filter>
    </ClInclude>
    <ClInclude Include="..\common\MsgpackMap.h">
      <Filter>socket</Filter>
    </ClInclude>
    <ClInclude Include="..\..\..\bns\ToolTest\ToolTest\StringTool.h">
      <Filter>common</Filter>
    </ClInclude>
  </ItemGroup>
  <ItemGroup>
    <ClCompile Include="stdafx.cpp">
      <Filter>源文件</Filter>
    </ClCompile>
    <ClCompile Include="TestTdServer.cpp">
      <Filter>源文件</Filter>
    </ClCompile>
    <ClCompile Include="TcpClient.cpp">
      <Filter>socket</Filter>
    </ClCompile>
    <ClCompile Include="..\..\..\bns\ToolTest\ToolTest\DebugOutput.cpp">
      <Filter>common</Filter>
    </ClCompile>
    <ClCompile Include="TdClient.cpp">
      <Filter>trade</Filter>
    </ClCompile>
    <ClCompile Include="..\common\MsgpackMap.cpp">
      <Filter>socket</Filter>
    </ClCompile>
    <ClCompile Include="..\..\..\bns\ToolTest\ToolTest\StringTool.cpp">
      <Filter>common</Filter>
    </ClCompile>
  </ItemGroup>
</Project>